
Microsoft Visual Studio Solution File, Format Version 12.00
# Visual Studio Version 17
VisualStudioVersion = 17.0.31903.59
MinimumVisualStudioVersion = 10.0.40219.1
Project("{FAE04EC0-301F-11D3-BF4B-00C04F79EFBC}") = "SofanaGPSApi", "SofanaGPSApi\SofanaGPSApi.csproj", "{CC9E9412-6CEF-4E6C-81FD-080C13683513}"
EndProject
Global
	GlobalSection(SolutionConfigurationPlatforms) = preSolution
		Debug|Any CPU = Debug|Any CPU
		Release|Any CPU = Release|Any CPU
	EndGlobalSection
	GlobalSection(ProjectConfigurationPlatforms) = postSolution
		{CC9E9412-6CEF-4E6C-81FD-080C13683513}.Debug|Any CPU.ActiveCfg = Debug|Any CPU
		{CC9E9412-6CEF-4E6C-81FD-080C13683513}.Debug|Any CPU.Build.0 = Debug|Any CPU
		{CC9E9412-6CEF-4E6C-81FD-080C13683513}.Release|Any CPU.ActiveCfg = Release|Any CPU
		{CC9E9412-6CEF-4E6C-81FD-080C13683513}.Release|Any CPU.Build.0 = Release|Any CPU
	EndGlobalSection
	GlobalSection(SolutionProperties) = preSolution
		HideSolutionNode = FALSE
	EndGlobalSection
	GlobalSection(ExtensibilityGlobals) = postSolution
		SolutionGuid = {7494BE6C-B270-4B0A-9126-92C28EC6392F}
	EndGlobalSection
EndGlobal
